
Microsoft Visual Studio Solution File, Format Version 12.00
# Visual Studio 15
VisualStudioVersion = 15.0.28010.2026
MinimumVisualStudioVersion = 10.0.40219.1
Project("{9A19103F-16F7-4668-BE54-9A1E7A4F7556}") = "Vancouver", "Vancouver.csproj", "{A7BCB515-977D-466B-B5BE-BF65B1D1F84E}"
EndProject
Global
	GlobalSection(SolutionConfigurationPlatforms) = preSolution
		Debug|Any CPU = Debug|Any CPU
		Release|Any CPU = Release|Any CPU
	EndGlobalSection
	GlobalSection(ProjectConfigurationPlatforms) = postSolution
		{A7BCB515-977D-466B-B5BE-BF65B1D1F84E}.Debug|Any CPU.ActiveCfg = Debug|Any CPU
		{A7BCB515-977D-466B-B5BE-BF65B1D1F84E}.Debug|Any CPU.Build.0 = Debug|Any CPU
		{A7BCB515-977D-466B-B5BE-BF65B1D1F84E}.Release|Any CPU.ActiveCfg = Release|Any CPU
		{A7BCB515-977D-466B-B5BE-BF65B1D1F84E}.Release|Any CPU.Build.0 = Release|Any CPU
	EndGlobalSection
	GlobalSection(SolutionProperties) = preSolution
		HideSolutionNode = FALSE
	EndGlobalSection
	GlobalSection(ExtensibilityGlobals) = postSolution
		SolutionGuid = {5B8366BE-0052-4295-ADD9-2245FC49379D}
	EndGlobalSection
EndGlobal
